
Microsoft Visual Studio Solution File, Format Version 12.00
# Visual Studio 15
VisualStudioVersion = 15.0.27428.2027
MinimumVisualStudioVersion = 10.0.40219.1
Project("{FAE04EC0-301F-11D3-BF4B-00C04F79EFBC}") = "SampleFhirApp", "SampleFhirApp\SampleFhirApp.csproj", "{390442EB-34C0-4BDD-998E-8DC29CE3B72A}"
EndProject
Global
	GlobalSection(SolutionConfigurationPlatforms) = preSolution
		Debug|Any CPU = Debug|Any CPU
		Release|Any CPU = Release|Any CPU
	EndGlobalSection
	GlobalSection(ProjectConfigurationPlatforms) = postSolution
		{390442EB-34C0-4BDD-998E-8DC29CE3B72A}.Debug|Any CPU.ActiveCfg = Debug|Any CPU
		{390442EB-34C0-4BDD-998E-8DC29CE3B72A}.Debug|Any CPU.Build.0 = Debug|Any CPU
		{390442EB-34C0-4BDD-998E-8DC29CE3B72A}.Release|Any CPU.ActiveCfg = Release|Any CPU
		{390442EB-34C0-4BDD-998E-8DC29CE3B72A}.Release|Any CPU.Build.0 = Release|Any CPU
	EndGlobalSection
	GlobalSection(SolutionProperties) = preSolution
		HideSolutionNode = FALSE
	EndGlobalSection
	GlobalSection(ExtensibilityGlobals) = postSolution
		SolutionGuid = {A2445FCD-CAB4-4748-AA84-A39E2B0608C6}
	EndGlobalSection
EndGlobal
